
Microsoft Visual Studio Solution File, Format Version 12.00
# Visual Studio Version 17
VisualStudioVersion = 17.14.36414.22 d17.14
MinimumVisualStudioVersion = 10.0.40219.1
Project("{FAE04EC0-301F-11D3-BF4B-00C04F79EFBC}") = "Задание_6", "Задание_6.csproj", "{4333EFE8-6280-4F94-8A69-367557B2210F}"
EndProject
Global
	GlobalSection(SolutionConfigurationPlatforms) = preSolution
		Debug|Any CPU = Debug|Any CPU
		Release|Any CPU = Release|Any CPU
	EndGlobalSection
	GlobalSection(ProjectConfigurationPlatforms) = postSolution
		{4333EFE8-6280-4F94-8A69-367557B2210F}.Debug|Any CPU.ActiveCfg = Debug|Any CPU
		{4333EFE8-6280-4F94-8A69-367557B2210F}.Debug|Any CPU.Build.0 = Debug|Any CPU
		{4333EFE8-6280-4F94-8A69-367557B2210F}.Release|Any CPU.ActiveCfg = Release|Any CPU
		{4333EFE8-6280-4F94-8A69-367557B2210F}.Release|Any CPU.Build.0 = Release|Any CPU
	EndGlobalSection
	GlobalSection(SolutionProperties) = preSolution
		HideSolutionNode = FALSE
	EndGlobalSection
	GlobalSection(ExtensibilityGlobals) = postSolution
		SolutionGuid = {1B8A09DB-2251-4DDD-8762-46FD9269E710}
	EndGlobalSection
EndGlobal
