
Microsoft Visual Studio Solution File, Format Version 12.00
# Visual Studio Version 17
VisualStudioVersion = 17.14.36414.22 d17.14
MinimumVisualStudioVersion = 10.0.40219.1
Project("{FAE04EC0-301F-11D3-BF4B-00C04F79EFBC}") = "Задание_4", "Задание_4.csproj", "{0196D713-6888-4014-8CDC-B3B21C5ECA0A}"
EndProject
Global
	GlobalSection(SolutionConfigurationPlatforms) = preSolution
		Debug|Any CPU = Debug|Any CPU
		Release|Any CPU = Release|Any CPU
	EndGlobalSection
	GlobalSection(ProjectConfigurationPlatforms) = postSolution
		{0196D713-6888-4014-8CDC-B3B21C5ECA0A}.Debug|Any CPU.ActiveCfg = Debug|Any CPU
		{0196D713-6888-4014-8CDC-B3B21C5ECA0A}.Debug|Any CPU.Build.0 = Debug|Any CPU
		{0196D713-6888-4014-8CDC-B3B21C5ECA0A}.Release|Any CPU.ActiveCfg = Release|Any CPU
		{0196D713-6888-4014-8CDC-B3B21C5ECA0A}.Release|Any CPU.Build.0 = Release|Any CPU
	EndGlobalSection
	GlobalSection(SolutionProperties) = preSolution
		HideSolutionNode = FALSE
	EndGlobalSection
	GlobalSection(ExtensibilityGlobals) = postSolution
		SolutionGuid = {B6042CC6-A788-41F1-AA27-88ED443574CE}
	EndGlobalSection
EndGlobal
